
Microsoft Visual Studio Solution File, Format Version 12.00
# Visual Studio Version 17
VisualStudioVersion = 17.13.35825.156 d17.13
MinimumVisualStudioVersion = 10.0.40219.1
Project("{FAE04EC0-301F-11D3-BF4B-00C04F79EFBC}") = "ContactList", "ContactList\ContactList.csproj", "{EAF7B5E1-9484-4B22-A58C-B8D4C0232666}"
EndProject
Global
	GlobalSection(SolutionConfigurationPlatforms) = preSolution
		Debug|Any CPU = Debug|Any CPU
		Release|Any CPU = Release|Any CPU
	EndGlobalSection
	GlobalSection(ProjectConfigurationPlatforms) = postSolution
		{EAF7B5E1-9484-4B22-A58C-B8D4C0232666}.Debug|Any CPU.ActiveCfg = Debug|Any CPU
		{EAF7B5E1-9484-4B22-A58C-B8D4C0232666}.Debug|Any CPU.Build.0 = Debug|Any CPU
		{EAF7B5E1-9484-4B22-A58C-B8D4C0232666}.Release|Any CPU.ActiveCfg = Release|Any CPU
		{EAF7B5E1-9484-4B22-A58C-B8D4C0232666}.Release|Any CPU.Build.0 = Release|Any CPU
	EndGlobalSection
	GlobalSection(SolutionProperties) = preSolution
		HideSolutionNode = FALSE
	EndGlobalSection
	GlobalSection(ExtensibilityGlobals) = postSolution
		SolutionGuid = {81A8EF04-5C9B-42EB-BF8D-5EA9A785E2A5}
	EndGlobalSection
EndGlobal
